
Microsoft Visual Studio Solution File, Format Version 12.00
# Visual Studio 15
VisualStudioVersion = 15.0.28010.2019
MinimumVisualStudioVersion = 10.0.40219.1
Project("{FAE04EC0-301F-11D3-BF4B-00C04F79EFBC}") = "BangazonOrientation", "BangazonOrientation\BangazonOrientation.csproj", "{A6D03BB8-13B6-43E3-9D38-AEFC8E929C89}"
EndProject
Global
	GlobalSection(SolutionConfigurationPlatforms) = preSolution
		Debug|Any CPU = Debug|Any CPU
		Release|Any CPU = Release|Any CPU
	EndGlobalSection
	GlobalSection(ProjectConfigurationPlatforms) = postSolution
		{A6D03BB8-13B6-43E3-9D38-AEFC8E929C89}.Debug|Any CPU.ActiveCfg = Debug|Any CPU
		{A6D03BB8-13B6-43E3-9D38-AEFC8E929C89}.Debug|Any CPU.Build.0 = Debug|Any CPU
		{A6D03BB8-13B6-43E3-9D38-AEFC8E929C89}.Release|Any CPU.ActiveCfg = Release|Any CPU
		{A6D03BB8-13B6-43E3-9D38-AEFC8E929C89}.Release|Any CPU.Build.0 = Release|Any CPU
	EndGlobalSection
	GlobalSection(SolutionProperties) = preSolution
		HideSolutionNode = FALSE
	EndGlobalSection
	GlobalSection(ExtensibilityGlobals) = postSolution
		SolutionGuid = {20784D11-49CE-4ED8-8B74-65F1A881B030}
	EndGlobalSection
EndGlobal
